{
  "lockfileVersion": 1,
  "workspaces": {
    "": {
      "name": "test",
      "dependencies": {
        "@swc/helpers": "^0.5.17",
        "@types/chrome": "^0.0.277",
        "@types/jquery": "^3.5.31",
        "@types/node": "^22.7.5",
        "jquery": "^3.7.1",
        "react": "^19.1.0",
        "react-dom": "^19.1.0",
      },
      "devDependencies": {
        "@biomejs/biome": "^1.9.4",
        "@rsbuild/core": "^1.3.15",
        "@rsbuild/plugin-react": "^1.3.0",
        "@rsbuild/plugin-sass": "^1.3.1",
        "@types/react": "^19.1.2",
        "@types/react-dom": "^19.1.3",
        "chokidar": "^4.0.3",
        "sass": "^1.89.1",
        "typescript": "^5.8.3",
      },
    },
  },
  "packages": {
    "@biomejs/biome": ["@biomejs/biome@1.9.4", "", { "optionalDependencies": { "@biomejs/cli-darwin-arm64": "1.9.4", "@biomejs/cli-darwin-x64": "1.9.4", "@biomejs/cli-linux-arm64": "1.9.4", "@biomejs/cli-linux-arm64-musl": "1.9.4", "@biomejs/cli-linux-x64": "1.9.4", "@biomejs/cli-linux-x64-musl": "1.9.4", "@biomejs/cli-win32-arm64": "1.9.4", "@biomejs/cli-win32-x64": "1.9.4" }, "bin": { "biome": "bin/biome" } }, "sha512-1rkd7G70+o9KkTn5KLmDYXihGoTaIGO9PIIN2ZB7UJxFrWw04CZHPYiMRjYsaDvVV7hP1dYNRLxSANLaBFGpog=="],

    "@biomejs/cli-darwin-arm64": ["@biomejs/cli-darwin-arm64@1.9.4", "", { "os": "darwin", "cpu": "arm64" }, "sha512-bFBsPWrNvkdKrNCYeAp+xo2HecOGPAy9WyNyB/jKnnedgzl4W4Hb9ZMzYNbf8dMCGmUdSavlYHiR01QaYR58cw=="],

    "@biomejs/cli-darwin-x64": ["@biomejs/cli-darwin-x64@1.9.4", "", { "os": "darwin", "cpu": "x64" }, "sha512-ngYBh/+bEedqkSevPVhLP4QfVPCpb+4BBe2p7Xs32dBgs7rh9nY2AIYUL6BgLw1JVXV8GlpKmb/hNiuIxfPfZg=="],

    "@biomejs/cli-linux-arm64": ["@biomejs/cli-linux-arm64@1.9.4", "", { "os": "linux", "cpu": "arm64" }, "sha512-fJIW0+LYujdjUgJJuwesP4EjIBl/N/TcOX3IvIHJQNsAqvV2CHIogsmA94BPG6jZATS4Hi+xv4SkBBQSt1N4/g=="],

    "@biomejs/cli-linux-arm64-musl": ["@biomejs/cli-linux-arm64-musl@1.9.4", "", { "os": "linux", "cpu": "arm64" }, "sha512-v665Ct9WCRjGa8+kTr0CzApU0+XXtRgwmzIf1SeKSGAv+2scAlW6JR5PMFo6FzqqZ64Po79cKODKf3/AAmECqA=="],

    "@biomejs/cli-linux-x64": ["@biomejs/cli-linux-x64@1.9.4", "", { "os": "linux", "cpu": "x64" }, "sha512-lRCJv/Vi3Vlwmbd6K+oQ0KhLHMAysN8lXoCI7XeHlxaajk06u7G+UsFSO01NAs5iYuWKmVZjmiOzJ0OJmGsMwg=="],

    "@biomejs/cli-linux-x64-musl": ["@biomejs/cli-linux-x64-musl@1.9.4", "", { "os": "linux", "cpu": "x64" }, "sha512-gEhi/jSBhZ2m6wjV530Yy8+fNqG8PAinM3oV7CyO+6c3CEh16Eizm21uHVsyVBEB6RIM8JHIl6AGYCv6Q6Q9Tg=="],

    "@biomejs/cli-win32-arm64": ["@biomejs/cli-win32-arm64@1.9.4", "", { "os": "win32", "cpu": "arm64" }, "sha512-tlbhLk+WXZmgwoIKwHIHEBZUwxml7bRJgk0X2sPyNR3S93cdRq6XulAZRQJ17FYGGzWne0fgrXBKpl7l4M87Hg=="],

    "@biomejs/cli-win32-x64": ["@biomejs/cli-win32-x64@1.9.4", "", { "os": "win32", "cpu": "x64" }, "sha512-8Y5wMhVIPaWe6jw2H+KlEm4wP/f7EW3810ZLmDlrEEy5KvBsb9ECEfu/kMWD484ijfQ8+nIi0giMgu9g1UAuuA=="],

    "@bufbuild/protobuf": ["@bufbuild/protobuf@2.10.0", "", {}, "sha512-fdRs9PSrBF7QUntpZpq6BTw58fhgGJojgg39m9oFOJGZT+nip9b0so5cYY1oWl5pvemDLr0cPPsH46vwThEbpQ=="],

    "@module-federation/error-codes": ["@module-federation/error-codes@0.13.1", "", {}, "sha512-azgGDBnFRfqlivHOl96ZjlFUFlukESz2Rnnz/pINiSqoBBNjUE0fcAZP4X6jgrVITuEg90YkruZa7pW9I3m7Uw=="],

    "@module-federation/runtime": ["@module-federation/runtime@0.13.1", "", { "dependencies": { "@module-federation/error-codes": "0.13.1", "@module-federation/runtime-core": "0.13.1", "@module-federation/sdk": "0.13.1" } }, "sha512-ZHnYvBquDm49LiHfv6fgagMo/cVJneijNJzfPh6S0CJrPS2Tay1bnTXzy8VA5sdIrESagYPaskKMGIj7YfnPug=="],

    "@module-federation/runtime-core": ["@module-federation/runtime-core@0.13.1", "", { "dependencies": { "@module-federation/error-codes": "0.13.1", "@module-federation/sdk": "0.13.1" } }, "sha512-TfyKfkSAentKeuvSsAItk8s5tqQSMfIRTPN2e1aoaq/kFhE+7blps719csyWSX5Lg5Es7WXKMsXHy40UgtBtuw=="],

    "@module-federation/runtime-tools": ["@module-federation/runtime-tools@0.13.1", "", { "dependencies": { "@module-federation/runtime": "0.13.1", "@module-federation/webpack-bundler-runtime": "0.13.1" } }, "sha512-GEF1pxqLc80osIMZmE8j9UKZSaTm2hX2lql8tgIH/O9yK4wnF06k6LL5Ah+wJt+oJv6Dj55ri/MoxMP4SXoPNA=="],

    "@module-federation/sdk": ["@module-federation/sdk@0.13.1", "", {}, "sha512-bmf2FGQ0ymZuxYnw9bIUfhV3y6zDhaqgydEjbl4msObKMLGXZqhse2pTIIxBFpIxR1oONKX/y2FAolDCTlWKiw=="],

    "@module-federation/webpack-bundler-runtime": ["@module-federation/webpack-bundler-runtime@0.13.1", "", { "dependencies": { "@module-federation/runtime": "0.13.1", "@module-federation/sdk": "0.13.1" } }, "sha512-QSuSIGa09S8mthbB1L6xERqrz+AzPlHR6D7RwAzssAc+IHf40U6NiTLPzUqp9mmKDhC5Tm0EISU0ZHNeJpnpBQ=="],

    "@parcel/watcher": ["@parcel/watcher@2.5.1", "", { "dependencies": { "detect-libc": "^1.0.3", "is-glob": "^4.0.3", "micromatch": "^4.0.5", "node-addon-api": "^7.0.0" }, "optionalDependencies": { "@parcel/watcher-android-arm64": "2.5.1", "@parcel/watcher-darwin-arm64": "2.5.1", "@parcel/watcher-darwin-x64": "2.5.1", "@parcel/watcher-freebsd-x64": "2.5.1", "@parcel/watcher-linux-arm-glibc": "2.5.1", "@parcel/watcher-linux-arm-musl": "2.5.1", "@parcel/watcher-linux-arm64-glibc": "2.5.1", "@parcel/watcher-linux-arm64-musl": "2.5.1", "@parcel/watcher-linux-x64-glibc": "2.5.1", "@parcel/watcher-linux-x64-musl": "2.5.1", "@parcel/watcher-win32-arm64": "2.5.1", "@parcel/watcher-win32-ia32": "2.5.1", "@parcel/watcher-win32-x64": "2.5.1" } }, "sha512-dfUnCxiN9H4ap84DvD2ubjw+3vUNpstxa0TneY/Paat8a3R4uQZDLSvWjmznAY/DoahqTHl9V46HF/Zs3F29pg=="],

    "@parcel/watcher-android-arm64": ["@parcel/watcher-android-arm64@2.5.1", "", { "os": "android", "cpu": "arm64" }, "sha512-KF8+j9nNbUN8vzOFDpRMsaKBHZ/mcjEjMToVMJOhTozkDonQFFrRcfdLWn6yWKCmJKmdVxSgHiYvTCef4/qcBA=="],

    "@parcel/watcher-darwin-arm64": ["@parcel/watcher-darwin-arm64@2.5.1", "", { "os": "darwin", "cpu": "arm64" }, "sha512-eAzPv5osDmZyBhou8PoF4i6RQXAfeKL9tjb3QzYuccXFMQU0ruIc/POh30ePnaOyD1UXdlKguHBmsTs53tVoPw=="],

    "@parcel/watcher-darwin-x64": ["@parcel/watcher-darwin-x64@2.5.1", "", { "os": "darwin", "cpu": "x64" }, "sha512-1ZXDthrnNmwv10A0/3AJNZ9JGlzrF82i3gNQcWOzd7nJ8aj+ILyW1MTxVk35Db0u91oD5Nlk9MBiujMlwmeXZg=="],

    "@parcel/watcher-freebsd-x64": ["@parcel/watcher-freebsd-x64@2.5.1", "", { "os": "freebsd", "cpu": "x64" }, "sha512-SI4eljM7Flp9yPuKi8W0ird8TI/JK6CSxju3NojVI6BjHsTyK7zxA9urjVjEKJ5MBYC+bLmMcbAWlZ+rFkLpJQ=="],

    "@parcel/watcher-linux-arm-glibc": ["@parcel/watcher-linux-arm-glibc@2.5.1", "", { "os": "linux", "cpu": "arm" }, "sha512-RCdZlEyTs8geyBkkcnPWvtXLY44BCeZKmGYRtSgtwwnHR4dxfHRG3gR99XdMEdQ7KeiDdasJwwvNSF5jKtDwdA=="],

    "@parcel/watcher-linux-arm-musl": ["@parcel/watcher-linux-arm-musl@2.5.1", "", { "os": "linux", "cpu": "arm" }, "sha512-6E+m/Mm1t1yhB8X412stiKFG3XykmgdIOqhjWj+VL8oHkKABfu/gjFj8DvLrYVHSBNC+/u5PeNrujiSQ1zwd1Q=="],

    "@parcel/watcher-linux-arm64-glibc": ["@parcel/watcher-linux-arm64-glibc@2.5.1", "", { "os": "linux", "cpu": "arm64" }, "sha512-LrGp+f02yU3BN9A+DGuY3v3bmnFUggAITBGriZHUREfNEzZh/GO06FF5u2kx8x+GBEUYfyTGamol4j3m9ANe8w=="],

    "@parcel/watcher-linux-arm64-musl": ["@parcel/watcher-linux-arm64-musl@2.5.1", "", { "os": "linux", "cpu": "arm64" }, "sha512-cFOjABi92pMYRXS7AcQv9/M1YuKRw8SZniCDw0ssQb/noPkRzA+HBDkwmyOJYp5wXcsTrhxO0zq1U11cK9jsFg=="],

    "@parcel/watcher-linux-x64-glibc": ["@parcel/watcher-linux-x64-glibc@2.5.1", "", { "os": "linux", "cpu": "x64" }, "sha512-GcESn8NZySmfwlTsIur+49yDqSny2IhPeZfXunQi48DMugKeZ7uy1FX83pO0X22sHntJ4Ub+9k34XQCX+oHt2A=="],

    "@parcel/watcher-linux-x64-musl": ["@parcel/watcher-linux-x64-musl@2.5.1", "", { "os": "linux", "cpu": "x64" }, "sha512-n0E2EQbatQ3bXhcH2D1XIAANAcTZkQICBPVaxMeaCVBtOpBZpWJuf7LwyWPSBDITb7In8mqQgJ7gH8CILCURXg=="],

    "@parcel/watcher-win32-arm64": ["@parcel/watcher-win32-arm64@2.5.1", "", { "os": "win32", "cpu": "arm64" }, "sha512-RFzklRvmc3PkjKjry3hLF9wD7ppR4AKcWNzH7kXR7GUe0Igb3Nz8fyPwtZCSquGrhU5HhUNDr/mKBqj7tqA2Vw=="],

    "@parcel/watcher-win32-ia32": ["@parcel/watcher-win32-ia32@2.5.1", "", { "os": "win32", "cpu": "ia32" }, "sha512-c2KkcVN+NJmuA7CGlaGD1qJh1cLfDnQsHjE89E60vUEMlqduHGCdCLJCID5geFVM0dOtA3ZiIO8BoEQmzQVfpQ=="],

    "@parcel/watcher-win32-x64": ["@parcel/watcher-win32-x64@2.5.1", "", { "os": "win32", "cpu": "x64" }, "sha512-9lHBdJITeNR++EvSQVUcaZoWupyHfXe1jZvGZ06O/5MflPcuPLtEphScIBL+AiCWBO46tDSHzWyD0uDmmZqsgA=="],

    "@rsbuild/core": ["@rsbuild/core@1.3.21", "", { "dependencies": { "@rspack/core": "1.3.11", "@rspack/lite-tapable": "~1.0.1", "@swc/helpers": "^0.5.17", "core-js": "~3.42.0", "jiti": "^2.4.2" }, "bin": { "rsbuild": "bin/rsbuild.js" } }, "sha512-0Xy3CEFiLFXZpPmmVmX1XvfAENGrb5IyXYL7zkJ8vF7v3fmZgo3yy3ZeY8SesPTsiZIbCObJ6PemFbLee3S3oA=="],

    "@rsbuild/plugin-react": ["@rsbuild/plugin-react@1.3.1", "", { "dependencies": { "@rspack/plugin-react-refresh": "~1.4.2", "react-refresh": "^0.17.0" }, "peerDependencies": { "@rsbuild/core": "1.x" } }, "sha512-1PfE0CZDwiSIUFaMFOEprwsHK6oo29zU6DdtFH2D49uLcpUdOUvU1u2p00RCVO1CIgnAjRajLS7dnPdQUwFOuQ=="],

    "@rsbuild/plugin-sass": ["@rsbuild/plugin-sass@1.4.0", "", { "dependencies": { "deepmerge": "^4.3.1", "loader-utils": "^2.0.4", "postcss": "^8.5.6", "reduce-configs": "^1.1.1", "sass-embedded": "^1.90.0" }, "peerDependencies": { "@rsbuild/core": "1.x" } }, "sha512-2XcrXUwJftWsWURsvGKKXc7A4yEAUdVkw+K95Qrfmy5E5IfARik0Ko3TFB1828wdvhZ1OFLvDQEzONCIyQV1yg=="],

    "@rspack/binding": ["@rspack/binding@1.3.11", "", { "optionalDependencies": { "@rspack/binding-darwin-arm64": "1.3.11", "@rspack/binding-darwin-x64": "1.3.11", "@rspack/binding-linux-arm64-gnu": "1.3.11", "@rspack/binding-linux-arm64-musl": "1.3.11", "@rspack/binding-linux-x64-gnu": "1.3.11", "@rspack/binding-linux-x64-musl": "1.3.11", "@rspack/binding-win32-arm64-msvc": "1.3.11", "@rspack/binding-win32-ia32-msvc": "1.3.11", "@rspack/binding-win32-x64-msvc": "1.3.11" } }, "sha512-BbMfZHqfH+CzFtZDg+v9nbKifJIJDUPD6KuoWlHq581koKvD3UMx6oVrj9w13JvO2xWNPeHclmqWAFgoD7faEQ=="],

    "@rspack/binding-darwin-arm64": ["@rspack/binding-darwin-arm64@1.3.11", "", { "os": "darwin", "cpu": "arm64" }, "sha512-sGoFDXYNinubhEiPSjtA/ua3qhMj6VVBPTSDvprZj+MT18YV7tQQtwBpm+8sbqJ1P5y+a3mzsP3IphRWyIQyXw=="],

    "@rspack/binding-darwin-x64": ["@rspack/binding-darwin-x64@1.3.11", "", { "os": "darwin", "cpu": "x64" }, "sha512-4zgOkCLxhp4Ki98GuDaZgz4exXcE4+sgvXY/xA/A5FGPVRbfQLQ5psSOk0F/gvMua1r15E66loQRJpuzUK6bTA=="],

    "@rspack/binding-linux-arm64-gnu": ["@rspack/binding-linux-arm64-gnu@1.3.11", "", { "os": "linux", "cpu": "arm64" }, "sha512-NIOaIfYUmJs1XL4lbGVtcMm1KlA/6ZR6oAbs2ekofKXtJYAFQgnLTf7ZFmIwVjS0mP78BmeSNcIM6pd2w5id4w=="],

    "@rspack/binding-linux-arm64-musl": ["@rspack/binding-linux-arm64-musl@1.3.11", "", { "os": "linux", "cpu": "arm64" }, "sha512-CRRAQ379uzA2QfD9HHNtxuuqzGksUapMVcTLY5NIXWfvHLUJShdlSJQv3UQcqgAJNrMY7Ex1PnoQs1jZgUiqZA=="],

    "@rspack/binding-linux-x64-gnu": ["@rspack/binding-linux-x64-gnu@1.3.11", "", { "os": "linux", "cpu": "x64" }, "sha512-k3OyvLneX2ZeL8z/OzPojpImqy6PgqKJD+NtOvcr/TgbgADHZ3xQttf6B2X+qnZMAgOZ+RTeTkOFrvsg9AEKmA=="],

    "@rspack/binding-linux-x64-musl": ["@rspack/binding-linux-x64-musl@1.3.11", "", { "os": "linux", "cpu": "x64" }, "sha512-2agcELyyQ95jWGCW0YWD0TvAcN40yUjmxn9NXQBLHPX5Eb07NaHXairMsvV9vqQsPsq0nxxfd9Wsow18Y5r/Hw=="],

    "@rspack/binding-win32-arm64-msvc": ["@rspack/binding-win32-arm64-msvc@1.3.11", "", { "os": "win32", "cpu": "arm64" }, "sha512-sjGoChazu0krigT/LVwGUsgCv3D3s/4cR/3P4VzuDNVlb4pbh1CDa642Fr0TceqAXCeKW5GiL/EQOfZ4semtcQ=="],

    "@rspack/binding-win32-ia32-msvc": ["@rspack/binding-win32-ia32-msvc@1.3.11", "", { "os": "win32", "cpu": "ia32" }, "sha512-tjywW84oQLSqRmvQZ+fXP7e3eNmjScYrlWEPAQFjf08N19iAJ9UOGuuFw8Fk5ZmrlNZ2Qo9ASSOI7Nnwx2aZYg=="],

    "@rspack/binding-win32-x64-msvc": ["@rspack/binding-win32-x64-msvc@1.3.11", "", { "os": "win32", "cpu": "x64" }, "sha512-pPy3yU6SAMfEPY7ki1KAetiDFfRbkYMiX3F89P9kX01UAePkLRNsjacHF4w7N3EsBsWn1FlGaYZdlzmOI5pg2Q=="],

    "@rspack/core": ["@rspack/core@1.3.11", "", { "dependencies": { "@module-federation/runtime-tools": "0.13.1", "@rspack/binding": "1.3.11", "@rspack/lite-tapable": "1.0.1", "caniuse-lite": "^1.0.30001718" }, "peerDependencies": { "@swc/helpers": ">=0.5.1" }, "optionalPeers": ["@swc/helpers"] }, "sha512-aSYPtT1gum5MCfcFANdTroJ4JwzozuL3wX0twMGNAB7amq6+nZrbsUKWjcHgneCeZdahxzrKdyYef3FHaJ7lEA=="],

    "@rspack/lite-tapable": ["@rspack/lite-tapable@1.0.1", "", {}, "sha512-VynGOEsVw2s8TAlLf/uESfrgfrq2+rcXB1muPJYBWbsm1Oa6r5qVQhjA5ggM6z/coYPrsVMgovl3Ff7Q7OCp1w=="],

    "@rspack/plugin-react-refresh": ["@rspack/plugin-react-refresh@1.4.3", "", { "dependencies": { "error-stack-parser": "^2.1.4", "html-entities": "^2.6.0" }, "peerDependencies": { "react-refresh": ">=0.10.0 <1.0.0", "webpack-hot-middleware": "2.x" }, "optionalPeers": ["webpack-hot-middleware"] }, "sha512-wZx4vWgy5oMEvgyNGd/oUKcdnKaccYWHCRkOqTdAPJC3WcytxhTX+Kady8ERurSBiLyQpoMiU3Iyd+F1Y2Arbw=="],

    "@swc/helpers": ["@swc/helpers@0.5.17", "", { "dependencies": { "tslib": "^2.8.0" } }, "sha512-5IKx/Y13RsYd+sauPb2x+U/xZikHjolzfuDgTAl/Tdf3Q8rslRvC19NKDLgAJQ6wsqADk10ntlv08nPFw/gO/A=="],

    "@types/chrome": ["@types/chrome@0.0.277", "", { "dependencies": { "@types/filesystem": "*", "@types/har-format": "*" } }, "sha512-qoTgBcDWblSsX+jvFnpUlLUE3LAuOhZfBh9MyMWMQHDsQiYVgBvdZWu9COrdB9+aNnInEyXcFgfc2HE16sdSYQ=="],

    "@types/filesystem": ["@types/filesystem@0.0.36", "", { "dependencies": { "@types/filewriter": "*" } }, "sha512-vPDXOZuannb9FZdxgHnqSwAG/jvdGM8Wq+6N4D/d80z+D4HWH+bItqsZaVRQykAn6WEVeEkLm2oQigyHtgb0RA=="],

    "@types/filewriter": ["@types/filewriter@0.0.33", "", {}, "sha512-xFU8ZXTw4gd358lb2jw25nxY9QAgqn2+bKKjKOYfNCzN4DKCFetK7sPtrlpg66Ywe3vWY9FNxprZawAh9wfJ3g=="],

    "@types/har-format": ["@types/har-format@1.2.16", "", {}, "sha512-fluxdy7ryD3MV6h8pTfTYpy/xQzCFC7m89nOH9y94cNqJ1mDIDPut7MnRHI3F6qRmh/cT2fUjG1MLdCNb4hE9A=="],

    "@types/jquery": ["@types/jquery@3.5.32", "", { "dependencies": { "@types/sizzle": "*" } }, "sha512-b9Xbf4CkMqS02YH8zACqN1xzdxc3cO735Qe5AbSUFmyOiaWAbcpqh9Wna+Uk0vgACvoQHpWDg2rGdHkYPLmCiQ=="],

    "@types/node": ["@types/node@22.15.20", "", { "dependencies": { "undici-types": "~6.21.0" } }, "sha512-A6BohGFRGHAscJsTslDCA9JG7qSJr/DWUvrvY8yi9IgnGtMxCyat7vvQ//MFa0DnLsyuS3wYTpLdw4Hf+Q5JXw=="],

    "@types/react": ["@types/react@19.1.5", "", { "dependencies": { "csstype": "^3.0.2" } }, "sha512-piErsCVVbpMMT2r7wbawdZsq4xMvIAhQuac2gedQHysu1TZYEigE6pnFfgZT+/jQnrRuF5r+SHzuehFjfRjr4g=="],

    "@types/react-dom": ["@types/react-dom@19.1.5", "", { "peerDependencies": { "@types/react": "^19.0.0" } }, "sha512-CMCjrWucUBZvohgZxkjd6S9h0nZxXjzus6yDfUb+xLxYM7VvjKNH1tQrE9GWLql1XoOP4/Ds3bwFqShHUYraGg=="],

    "@types/sizzle": ["@types/sizzle@2.3.9", "", {}, "sha512-xzLEyKB50yqCUPUJkIsrVvoWNfFUbIZI+RspLWt8u+tIW/BetMBZtgV2LY/2o+tYH8dRvQ+eoPf3NdhQCcLE2w=="],

    "big.js": ["big.js@5.2.2", "", {}, "sha512-vyL2OymJxmarO8gxMr0mhChsO9QGwhynfuu4+MHTAW6czfq9humCB7rKpUjDd9YUiDPU4mzpyupFSvOClAwbmQ=="],

    "braces": ["braces@3.0.3", "", { "dependencies": { "fill-range": "^7.1.1" } }, "sha512-yQbXgO/OSZVD2IsiLlro+7Hf6Q18EJrKSEsdoMzKePKXct3gvD8oLcOQdIzGupr5Fj+EDe8gO/lxc1BzfMpxvA=="],

    "buffer-builder": ["buffer-builder@0.2.0", "", {}, "sha512-7VPMEPuYznPSoR21NE1zvd2Xna6c/CloiZCfcMXR1Jny6PjX0N4Nsa38zcBFo/FMK+BlA+FLKbJCQ0i2yxp+Xg=="],

    "caniuse-lite": ["caniuse-lite@1.0.30001718", "", {}, "sha512-AflseV1ahcSunK53NfEs9gFWgOEmzr0f+kaMFA4xiLZlr9Hzt7HxcSpIFcnNCUkz6R6dWKa54rUz3HUmI3nVcw=="],

    "chokidar": ["chokidar@4.0.3", "", { "dependencies": { "readdirp": "^4.0.1" } }, "sha512-Qgzu8kfBvo+cA4962jnP1KkS6Dop5NS6g7R5LFYJr4b8Ub94PPQXUksCw9PvXoeXPRRddRNC5C1JQUR2SMGtnA=="],

    "colorjs.io": ["colorjs.io@0.5.2", "", {}, "sha512-twmVoizEW7ylZSN32OgKdXRmo1qg+wT5/6C3xu5b9QsWzSFAhHLn2xd8ro0diCsKfCj1RdaTP/nrcW+vAoQPIw=="],

    "core-js": ["core-js@3.42.0", "", {}, "sha512-Sz4PP4ZA+Rq4II21qkNqOEDTDrCvcANId3xpIgB34NDkWc3UduWj2dqEtN9yZIq8Dk3HyPI33x9sqqU5C8sr0g=="],

    "csstype": ["csstype@3.1.3", "", {}, "sha512-M1uQkMl8rQK/szD0LNhtqxIPLpimGm8sOBwU7lLnCpSbTyY3yeU1Vc7l4KT5zT4s/yOxHH5O7tIuuLOCnLADRw=="],

    "deepmerge": ["deepmerge@4.3.1", "", {}, "sha512-3sUqbMEc77XqpdNO7FRyRog+eW3ph+GYCbj+rK+uYyRMuwsVy0rMiVtPn+QJlKFvWP/1PYpapqYn0Me2knFn+A=="],

    "detect-libc": ["detect-libc@1.0.3", "", { "bin": { "detect-libc": "./bin/detect-libc.js" } }, "sha512-pGjwhsmsp4kL2RTz08wcOlGN83otlqHeD/Z5T8GXZB+/YcpQ/dgo+lbU8ZsGxV0HIvqqxo9l7mqYwyYMD9bKDg=="],

    "emojis-list": ["emojis-list@3.0.0", "", {}, "sha512-/kyM18EfinwXZbno9FyUGeFh87KC8HRQBQGildHZbEuRyWFOmv1U10o9BBp8XVZDVNNuQKyIGIu5ZYAAXJ0V2Q=="],

    "error-stack-parser": ["error-stack-parser@2.1.4", "", { "dependencies": { "stackframe": "^1.3.4" } }, "sha512-Sk5V6wVazPhq5MhpO+AUxJn5x7XSXGl1R93Vn7i+zS15KDVxQijejNCrz8340/2bgLBjR9GtEG8ZVKONDjcqGQ=="],

    "fill-range": ["fill-range@7.1.1", "", { "dependencies": { "to-regex-range": "^5.0.1" } }, "sha512-YsGpe3WHLK8ZYi4tWDg2Jy3ebRz2rXowDxnld4bkQB00cc/1Zw9AWnC0i9ztDJitivtQvaI9KaLyKrc+hBW0yg=="],

    "has-flag": ["has-flag@4.0.0", "", {}, "sha512-EykJT/Q1KjTWctppgIAgfSO0tKVuZUjhgMr17kqTumMl6Afv3EISleU7qZUzoXDFTAHTDC4NOoG/ZxU3EvlMPQ=="],

    "html-entities": ["html-entities@2.6.0", "", {}, "sha512-kig+rMn/QOVRvr7c86gQ8lWXq+Hkv6CbAH1hLu+RG338StTpE8Z0b44SDVaqVu7HGKf27frdmUYEs9hTUX/cLQ=="],

    "immutable": ["immutable@5.1.4", "", {}, "sha512-p6u1bG3YSnINT5RQmx/yRZBpenIl30kVxkTLDyHLIMk0gict704Q9n+thfDI7lTRm9vXdDYutVzXhzcThxTnXA=="],

    "is-extglob": ["is-extglob@2.1.1", "", {}, "sha512-SbKbANkN603Vi4jEZv49LeVJMn4yGwsbzZworEoyEiutsN3nJYdbO36zfhGJ6QEDpOZIFkDtnq5JRxmvl3jsoQ=="],

    "is-glob": ["is-glob@4.0.3", "", { "dependencies": { "is-extglob": "^2.1.1" } }, "sha512-xelSayHH36ZgE7ZWhli7pW34hNbNl8Ojv5KVmkJD4hBdD3th8Tfk9vYasLM+mXWOZhFkgZfxhLSnrwRr4elSSg=="],

    "is-number": ["is-number@7.0.0", "", {}, "sha512-41Cifkg6e8TylSpdtTpeLVMqvSBEVzTttHvERD741+pnZ8ANv0004MRL43QKPDlK9cGvNp6NZWZUBlbGXYxxng=="],

    "jiti": ["jiti@2.4.2", "", { "bin": { "jiti": "lib/jiti-cli.mjs" } }, "sha512-rg9zJN+G4n2nfJl5MW3BMygZX56zKPNVEYYqq7adpmMh4Jn2QNEwhvQlFy6jPVdcod7txZtKHWnyZiA3a0zP7A=="],

    "jquery": ["jquery@3.7.1", "", {}, "sha512-m4avr8yL8kmFN8psrbFFFmB/If14iN5o9nw/NgnnM+kybDJpRsAynV2BsfpTYrTRysYUdADVD7CkUUizgkpLfg=="],

    "json5": ["json5@2.2.3", "", { "bin": { "json5": "lib/cli.js" } }, "sha512-XmOWe7eyHYH14cLdVPoyg+GOH3rYX++KpzrylJwSW98t3Nk+U8XOl8FWKOgwtzdb8lXGf6zYwDUzeHMWfxasyg=="],

    "loader-utils": ["loader-utils@2.0.4", "", { "dependencies": { "big.js": "^5.2.2", "emojis-list": "^3.0.0", "json5": "^2.1.2" } }, "sha512-xXqpXoINfFhgua9xiqD8fPFHgkoq1mmmpE92WlDbm9rNRd/EbRb+Gqf908T2DMfuHjjJlksiK2RbHVOdD/MqSw=="],

    "micromatch": ["micromatch@4.0.8", "", { "dependencies": { "braces": "^3.0.3", "picomatch": "^2.3.1" } }, "sha512-PXwfBhYu0hBCPw8Dn0E+WDYb7af3dSLVWKi3HGv84IdF4TyFoC0ysxFd0Goxw7nSv4T/PzEJQxsYsEiFCKo2BA=="],

    "nanoid": ["nanoid@3.3.11", "", { "bin": { "nanoid": "bin/nanoid.cjs" } }, "sha512-N8SpfPUnUp1bK+PMYW8qSWdl9U+wwNWI4QKxOYDy9JAro3WMX7p2OeVRF9v+347pnakNevPmiHhNmZ2HbFA76w=="],

    "node-addon-api": ["node-addon-api@7.1.1", "", {}, "sha512-5m3bsyrjFWE1xf7nz7YXdN4udnVtXK6/Yfgn5qnahL6bCkf2yKt4k3nuTKAtT4r3IG8JNR2ncsIMdZuAzJjHQQ=="],

    "picocolors": ["picocolors@1.1.1", "", {}, "sha512-xceH2snhtb5M9liqDsmEw56le376mTZkEX/jEb/RxNFyegNul7eNslCXP9FDj/Lcu0X8KEyMceP2ntpaHrDEVA=="],

    "picomatch": ["picomatch@2.3.1", "", {}, "sha512-JU3teHTNjmE2VCGFzuY8EXzCDVwEqB2a8fsIvwaStHhAWJEeVd1o1QD80CU6+ZdEXXSLbSsuLwJjkCBWqRQUVA=="],

    "postcss": ["postcss@8.5.6", "", { "dependencies": { "nanoid": "^3.3.11", "picocolors": "^1.1.1", "source-map-js": "^1.2.1" } }, "sha512-3Ybi1tAuwAP9s0r1UQ2J4n5Y0G05bJkpUIO0/bI9MhwmD70S5aTWbXGBwxHrelT+XM1k6dM0pk+SwNkpTRN7Pg=="],

    "react": ["react@19.1.0", "", {}, "sha512-FS+XFBNvn3GTAWq26joslQgWNoFu08F4kl0J4CgdNKADkdSGXQyTCnKteIAJy96Br6YbpEU1LSzV5dYtjMkMDg=="],

    "react-dom": ["react-dom@19.1.0", "", { "dependencies": { "scheduler": "^0.26.0" }, "peerDependencies": { "react": "^19.1.0" } }, "sha512-Xs1hdnE+DyKgeHJeJznQmYMIBG3TKIHJJT95Q58nHLSrElKlGQqDTR2HQ9fx5CN/Gk6Vh/kupBTDLU11/nDk/g=="],

    "react-refresh": ["react-refresh@0.17.0", "", {}, "sha512-z6F7K9bV85EfseRCp2bzrpyQ0Gkw1uLoCel9XBVWPg/TjRj94SkJzUTGfOa4bs7iJvBWtQG0Wq7wnI0syw3EBQ=="],

    "readdirp": ["readdirp@4.1.2", "", {}, "sha512-GDhwkLfywWL2s6vEjyhri+eXmfH6j1L7JE27WhqLeYzoh/A3DBaYGEj2H/HFZCn/kMfim73FXxEJTw06WtxQwg=="],

    "reduce-configs": ["reduce-configs@1.1.1", "", {}, "sha512-EYtsVGAQarE8daT54cnaY1PIknF2VB78ug6Zre2rs36EsJfC40EG6hmTU2A2P1ZuXnKAt2KI0fzOGHcX7wzdPw=="],

    "rxjs": ["rxjs@7.8.2", "", { "dependencies": { "tslib": "^2.1.0" } }, "sha512-dhKf903U/PQZY6boNNtAGdWbG85WAbjT/1xYoZIC7FAY0yWapOBQVsVrDl58W86//e1VpMNBtRV4MaXfdMySFA=="],

    "sass": ["sass@1.93.2", "", { "dependencies": { "chokidar": "^4.0.0", "immutable": "^5.0.2", "source-map-js": ">=0.6.2 <2.0.0" }, "optionalDependencies": { "@parcel/watcher": "^2.4.1" }, "bin": { "sass": "sass.js" } }, "sha512-t+YPtOQHpGW1QWsh1CHQ5cPIr9lbbGZLZnbihP/D/qZj/yuV68m8qarcV17nvkOX81BCrvzAlq2klCQFZghyTg=="],

    "sass-embedded": ["sass-embedded@1.93.2", "", { "dependencies": { "@bufbuild/protobuf": "^2.5.0", "buffer-builder": "^0.2.0", "colorjs.io": "^0.5.0", "immutable": "^5.0.2", "rxjs": "^7.4.0", "supports-color": "^8.1.1", "sync-child-process": "^1.0.2", "varint": "^6.0.0" }, "optionalDependencies": { "sass-embedded-all-unknown": "1.93.2", "sass-embedded-android-arm": "1.93.2", "sass-embedded-android-arm64": "1.93.2", "sass-embedded-android-riscv64": "1.93.2", "sass-embedded-android-x64": "1.93.2", "sass-embedded-darwin-arm64": "1.93.2", "sass-embedded-darwin-x64": "1.93.2", "sass-embedded-linux-arm": "1.93.2", "sass-embedded-linux-arm64": "1.93.2", "sass-embedded-linux-musl-arm": "1.93.2", "sass-embedded-linux-musl-arm64": "1.93.2", "sass-embedded-linux-musl-riscv64": "1.93.2", "sass-embedded-linux-musl-x64": "1.93.2", "sass-embedded-linux-riscv64": "1.93.2", "sass-embedded-linux-x64": "1.93.2", "sass-embedded-unknown-all": "1.93.2", "sass-embedded-win32-arm64": "1.93.2", "sass-embedded-win32-x64": "1.93.2" }, "bin": { "sass": "dist/bin/sass.js" } }, "sha512-FvQdkn2dZ8DGiLgi0Uf4zsj7r/BsiLImNa5QJ10eZalY6NfZyjrmWGFcuCN5jNwlDlXFJnftauv+UtvBKLvepQ=="],

    "sass-embedded-all-unknown": ["sass-embedded-all-unknown@1.93.2", "", { "dependencies": { "sass": "1.93.2" }, "cpu": [ "!arm", "!x64", "!arm64", ] }, "sha512-GdEuPXIzmhRS5J7UKAwEvtk8YyHQuFZRcpnEnkA3rwRUI27kwjyXkNeIj38XjUQ3DzrfMe8HcKFaqWGHvblS7Q=="],

    "sass-embedded-android-arm": ["sass-embedded-android-arm@1.93.2", "", { "os": "android", "cpu": "arm" }, "sha512-I8bpO8meZNo5FvFx5FIiE7DGPVOYft0WjuwcCCdeJ6duwfkl6tZdatex1GrSigvTsuz9L0m4ngDcX/Tj/8yMow=="],

    "sass-embedded-android-arm64": ["sass-embedded-android-arm64@1.93.2", "", { "os": "android", "cpu": "arm64" }, "sha512-346f4iVGAPGcNP6V6IOOFkN5qnArAoXNTPr5eA/rmNpeGwomdb7kJyQ717r9rbJXxOG8OAAUado6J0qLsjnjXQ=="],

    "sass-embedded-android-riscv64": ["sass-embedded-android-riscv64@1.93.2", "", { "os": "android", "cpu": "none" }, "sha512-hSMW1s4yJf5guT9mrdkumluqrwh7BjbZ4MbBW9tmi1DRDdlw1Wh9Oy1HnnmOG8x9XcI1qkojtPL6LUuEJmsiDg=="],

    "sass-embedded-android-x64": ["sass-embedded-android-x64@1.93.2", "", { "os": "android", "cpu": "x64" }, "sha512-JqktiHZduvn+ldGBosE40ALgQ//tGCVNAObgcQ6UIZznEJbsHegqStqhRo8UW3x2cgOO2XYJcrInH6cc7wdKbw=="],

    "sass-embedded-darwin-arm64": ["sass-embedded-darwin-arm64@1.93.2", "", { "os": "darwin", "cpu": "arm64" }, "sha512-qI1X16qKNeBJp+M/5BNW7v/JHCDYWr1/mdoJ7+UMHmP0b5AVudIZtimtK0hnjrLnBECURifd6IkulybR+h+4UA=="],

    "sass-embedded-darwin-x64": ["sass-embedded-darwin-x64@1.93.2", "", { "os": "darwin", "cpu": "x64" }, "sha512-4KeAvlkQ0m0enKUnDGQJZwpovYw99iiMb8CTZRSsQm8Eh7halbJZVmx67f4heFY/zISgVOCcxNg19GrM5NTwtA=="],

    "sass-embedded-linux-arm": ["sass-embedded-linux-arm@1.93.2", "", { "os": "linux", "cpu": "arm" }, "sha512-N3+D/ToHtzwLDO+lSH05Wo6/KRxFBPnbjVHASOlHzqJnK+g5cqex7IFAp6ozzlRStySk61Rp6d+YGrqZ6/P0PA=="],

    "sass-embedded-linux-arm64": ["sass-embedded-linux-arm64@1.93.2", "", { "os": "linux", "cpu": "arm64" }, "sha512-9ftX6nd5CsShJqJ2WRg+ptaYvUW+spqZfJ88FbcKQBNFQm6L87luj3UI1rB6cP5EWrLwHA754OKxRJyzWiaN6g=="],

    "sass-embedded-linux-musl-arm": ["sass-embedded-linux-musl-arm@1.93.2", "", { "os": "linux", "cpu": "arm" }, "sha512-XBTvx66yRenvEsp3VaJCb3HQSyqCsUh7R+pbxcN5TuzueybZi0LXvn9zneksdXcmjACMlMpIVXi6LyHPQkYc8A=="],

    "sass-embedded-linux-musl-arm64": ["sass-embedded-linux-musl-arm64@1.93.2", "", { "os": "linux", "cpu": "arm64" }, "sha512-+3EHuDPkMiAX5kytsjEC1bKZCawB9J6pm2eBIzzLMPWbf5xdx++vO1DpT7hD4bm4ZGn0eVHgSOKIfP6CVz6tVg=="],

    "sass-embedded-linux-musl-riscv64": ["sass-embedded-linux-musl-riscv64@1.93.2", "", { "os": "linux", "cpu": "none" }, "sha512-0sB5kmVZDKTYzmCSlTUnjh6mzOhzmQiW/NNI5g8JS4JiHw2sDNTvt1dsFTuqFkUHyEOY3ESTsfHHBQV8Ip4bEA=="],

    "sass-embedded-linux-musl-x64": ["sass-embedded-linux-musl-x64@1.93.2", "", { "os": "linux", "cpu": "x64" }, "sha512-t3ejQ+1LEVuHy7JHBI2tWHhoMfhedUNDjGJR2FKaLgrtJntGnyD1RyX0xb3nuqL/UXiEAtmTmZY+Uh3SLUe1Hg=="],

    "sass-embedded-linux-riscv64": ["sass-embedded-linux-riscv64@1.93.2", "", { "os": "linux", "cpu": "none" }, "sha512-e7AndEwAbFtXaLy6on4BfNGTr3wtGZQmypUgYpSNVcYDO+CWxatKVY4cxbehMPhxG9g5ru+eaMfynvhZt7fLaA=="],

    "sass-embedded-linux-x64": ["sass-embedded-linux-x64@1.93.2", "", { "os": "linux", "cpu": "x64" }, "sha512-U3EIUZQL11DU0xDDHXexd4PYPHQaSQa2hzc4EzmhHqrAj+TyfYO94htjWOd+DdTPtSwmLp+9cTWwPZBODzC96w=="],

    "sass-embedded-unknown-all": ["sass-embedded-unknown-all@1.93.2", "", { "dependencies": { "sass": "1.93.2" }, "os": [ "!linux", "!win32", "!darwin", "!android", ] }, "sha512-7VnaOmyewcXohiuoFagJ3SK5ddP9yXpU0rzz+pZQmS1/+5O6vzyFCUoEt3HDRaLctH4GT3nUGoK1jg0ae62IfQ=="],

    "sass-embedded-win32-arm64": ["sass-embedded-win32-arm64@1.93.2", "", { "os": "win32", "cpu": "arm64" }, "sha512-Y90DZDbQvtv4Bt0GTXKlcT9pn4pz8AObEjFF8eyul+/boXwyptPZ/A1EyziAeNaIEIfxyy87z78PUgCeGHsx3Q=="],

    "sass-embedded-win32-x64": ["sass-embedded-win32-x64@1.93.2", "", { "os": "win32", "cpu": "x64" }, "sha512-BbSucRP6PVRZGIwlEBkp+6VQl2GWdkWFMN+9EuOTPrLxCJZoq+yhzmbjspd3PeM8+7WJ7AdFu/uRYdO8tor1iQ=="],

    "scheduler": ["scheduler@0.26.0", "", {}, "sha512-NlHwttCI/l5gCPR3D1nNXtWABUmBwvZpEQiD4IXSbIDq8BzLIK/7Ir5gTFSGZDUu37K5cMNp0hFtzO38sC7gWA=="],

    "source-map-js": ["source-map-js@1.2.1", "", {}, "sha512-UXWMKhLOwVKb728IUtQPXxfYU+usdybtUrK/8uGE8CQMvrhOpwvzDBwj0QhSL7MQc7vIsISBG8VQ8+IDQxpfQA=="],

    "stackframe": ["stackframe@1.3.4", "", {}, "sha512-oeVtt7eWQS+Na6F//S4kJ2K2VbRlS9D43mAlMyVpVWovy9o+jfgH8O9agzANzaiLjclA0oYzUXEM4PurhSUChw=="],

    "supports-color": ["supports-color@8.1.1", "", { "dependencies": { "has-flag": "^4.0.0" } }, "sha512-MpUEN2OodtUzxvKQl72cUF7RQ5EiHsGvSsVG0ia9c5RbWGL2CI4C7EpPS8UTBIplnlzZiNuV56w+FuNxy3ty2Q=="],

    "sync-child-process": ["sync-child-process@1.0.2", "", { "dependencies": { "sync-message-port": "^1.0.0" } }, "sha512-8lD+t2KrrScJ/7KXCSyfhT3/hRq78rC0wBFqNJXv3mZyn6hW2ypM05JmlSvtqRbeq6jqA94oHbxAr2vYsJ8vDA=="],

    "sync-message-port": ["sync-message-port@1.1.3", "", {}, "sha512-GTt8rSKje5FilG+wEdfCkOcLL7LWqpMlr2c3LRuKt/YXxcJ52aGSbGBAdI4L3aaqfrBt6y711El53ItyH1NWzg=="],

    "to-regex-range": ["to-regex-range@5.0.1", "", { "dependencies": { "is-number": "^7.0.0" } }, "sha512-65P7iz6X5yEr1cwcgvQxbbIw7Uk3gOy5dIdtZ4rDveLqhrdJP+Li/Hx6tyK0NEb+2GCyneCMJiGqrADCSNk8sQ=="],

    "tslib": ["tslib@2.8.1", "", {}, "sha512-oJFu94HQb+KVduSUQL7wnpmqnfmLsOA/nAh6b6EH0wCEoK0/mPeXU6c3wKDV83MkOuHPRHtSXKKU99IBazS/2w=="],

    "typescript": ["typescript@5.8.3", "", { "bin": { "tsc": "bin/tsc", "tsserver": "bin/tsserver" } }, "sha512-p1diW6TqL9L07nNxvRMM7hMMw4c5XOo/1ibL4aAIGmSAt9slTE1Xgw5KWuof2uTOvCg9BY7ZRi+GaF+7sfgPeQ=="],

    "undici-types": ["undici-types@6.21.0", "", {}, "sha512-iwDZqg0QAGrg9Rav5H4n0M64c3mkR59cJ6wQp+7C4nI0gsmExaedaYLNO44eT4AtBBwjbTiGPMlt2Md0T9H9JQ=="],

    "varint": ["varint@6.0.0", "", {}, "sha512-cXEIW6cfr15lFv563k4GuVuW/fiwjknytD37jIOLSdSWuOI6WnO/oKwmP2FQTU2l01LP8/M5TSAJpzUaGe3uWg=="],
  }
}
